<?xml version="1.0" encoding="utf-8"?>
<Project ToolsVersion="4.0" xmlns="http://schemas.microsoft.com/developer/msbuild/2003">
  <ItemGroup>
    <Filter Include="Source Files">
      <UniqueIdentifier>{4FC737F1-C7A5-4376-A066-2A32D752A2FF}</UniqueIdentifier>
      <Extensions>cpp;c;cc;cxx;def;odl;idl;hpj;bat;asm;asmx</Extensions>
    </Filter>
    <Filter Include="Header Files">
      <UniqueIdentifier>{93995380-89BD-4b04-88EB-625FBE52EBFB}</UniqueIdentifier>
      <Extensions>h;hh;hpp;hxx;hm;inl;inc;xsd</Extensions>
    </Filter>
    <Filter Include="Resource Files">
      <UniqueIdentifier>{67DA6AB6-F800-4c08-8B7A-83BB121AAD01}</UniqueIdentifier>
      <Extensions>rc;ico;cur;bmp;dlg;rc2;rct;bin;rgs;gif;jpg;jpeg;jpe;resx;tiff;tif;png;wav;mfcribbon-ms</Extensions>
    </Filter>
    <Filter Include="Source Files\Controllers">
      <UniqueIdentifier>{e2178816-1530-4fda-8261-985ff93b8ce1}</UniqueIdentifier>
    </Filter>
    <Filter Include="Source Files\Models">
      <UniqueIdentifier>{41eb92e4-2d82-400b-ab11-86677ea13fe5}</UniqueIdentifier>
    </Filter>
    <Filter Include="Source Files\Controllers\Car">
      <UniqueIdentifier>{c21ceb5c-ad54-49fd-ab8c-891b9dfeb2f8}</UniqueIdentifier>
    </Filter>
    <Filter Include="Header Files\Controllers">
      <UniqueIdentifier>{f51b4a2e-3074-4732-8cb9-a98e6f72af78}</UniqueIdentifier>
    </Filter>
    <Filter Include="Header Files\Controllers\Car">
      <UniqueIdentifier>{8f313070-ce15-46e2-b6b1-ed005433adb6}</UniqueIdentifier>
    </Filter>
    <Filter Include="Header Files\Models">
      <UniqueIdentifier>{797cf29e-d276-4159-9a03-bfad53dc8a62}</UniqueIdentifier>
    </Filter>
  </ItemGroup>
  <ItemGroup>
    <ClCompile Include="Main.cpp">
      <Filter>Source Files</Filter>
    </ClCompile>
    <ClCompile Include="Map.cpp">
      <Filter>Source Files</Filter>
    </ClCompile>
    <ClCompile Include="ParticleSystem.cpp">
      <Filter>Source Files</Filter>
    </ClCompile>
    <ClCompile Include="Menu.cpp">
      <Filter>Source Files</Filter>
    </ClCompile>
    <ClCompile Include="TestBox2D.cpp">
      <Filter>Source Files</Filter>
    </ClCompile>
    <ClCompile Include="GroundArea.cpp">
      <Filter>Source Files\Models</Filter>
    </ClCompile>
    <ClCompile Include="FixtureUserData.cpp">
      <Filter>Source Files\Models</Filter>
    </ClCompile>
    <ClCompile Include="Tire.cpp">
      <Filter>Source Files\Controllers\Car</Filter>
    </ClCompile>
    <ClCompile Include="Car.cpp">
      <Filter>Source Files\Controllers\Car</Filter>
    </ClCompile>
    <ClCompile Include="box.cpp">
      <Filter>Source Files\Controllers</Filter>
    </ClCompile>
    <ClCompile Include="enums.cpp">
      <Filter>Source Files</Filter>
    </ClCompile>
    <ClCompile Include="SomeFunctions.cpp">
      <Filter>Source Files</Filter>
    </ClCompile>
  </ItemGroup>
  <ItemGroup>
    <None Include="packages.config" />
  </ItemGroup>
  <ItemGroup>
    <ClInclude Include="Map.h">
      <Filter>Header Files</Filter>
    </ClInclude>
    <ClInclude Include="ParticleSystem.h">
      <Filter>Header Files</Filter>
    </ClInclude>
    <ClInclude Include="Menu.h">
      <Filter>Header Files</Filter>
    </ClInclude>
    <ClInclude Include="GroundArea.h">
      <Filter>Header Files\Models</Filter>
    </ClInclude>
    <ClInclude Include="FixtureUserData.h">
      <Filter>Header Files\Models</Filter>
    </ClInclude>
    <ClInclude Include="fixtureType.h">
      <Filter>Header Files\Models</Filter>
    </ClInclude>
    <ClInclude Include="CarTire.h">
      <Filter>Header Files\Models</Filter>
    </ClInclude>
    <ClInclude Include="Tire.h">
      <Filter>Header Files\Controllers\Car</Filter>
    </ClInclude>
    <ClInclude Include="Car.h">
      <Filter>Header Files\Controllers\Car</Filter>
    </ClInclude>
    <ClInclude Include="box.h">
      <Filter>Header Files\Controllers</Filter>
    </ClInclude>
    <ClInclude Include="SomeFunctions.h">
      <Filter>Header Files</Filter>
    </ClInclude>
  </ItemGroup>
</Project>